# THIS IS AN AUTOGENERATED FILE. DO NOT EDIT THIS FILE DIRECTLY.
# yarn lockfile v1


ci-info@^1.6.0:
  version "1.6.0"
  resolved "https://registry.yarnpkg.com/ci-info/-/ci-info-1.6.0.tgz#2ca20dbb9ceb32d4524a683303313f0304b1e497"
  integrity sha512-vsGdkwSCDpWmP80ncATX7iea5DWQemg1UgCW5J8tqjU3lYw4FBYuj89J0CTVomA7BEfvSZd84GmHko+MxFQU2A==

std-env@^2.2.1:
  version "2.2.1"
  resolved "https://registry.yarnpkg.com/std-env/-/std-env-2.2.1.tgz#2ffa0fdc9e2263e0004c1211966e960948a40f6b"
  integrity sha512-IjYQUinA3lg5re/YMlwlfhqNRTzMZMqE+pezevdcTaHceqx8ngEi1alX9nNCk9Sc81fy1fLDeQoaCzeiW1yBOQ==
  dependencies:
    ci-info "^1.6.0"
